
Microsoft Visual Studio Solution File, Format Version 12.00
# Visual Studio Version 17
VisualStudioVersion = 17.3.32804.467
MinimumVisualStudioVersion = 10.0.40219.1
Project("{9A19103F-16F7-4668-BE54-9A1E7A4F7556}") = "PortForwardingSampleWebApp", "PortForwardingSampleWebApp\PortForwardingSampleWebApp.csproj", "{4B9F6353-4D29-4172-B63C-EB1164ADED22}"
EndProject
Project("{9A19103F-16F7-4668-BE54-9A1E7A4F7556}") = "WebHookSample", "WebHookSample\WebHookSample.csproj", "{DB74B88D-3CCF-4209-8832-91C4939A5173}"
EndProject
Project("{FAE04EC0-301F-11D3-BF4B-00C04F79EFBC}") = "IceCreamApi", "IceCreamApi\IceCreamApi.csproj", "{385DD710-3218-4ABA-BC95-9BED03DB9658}"
EndProject
Global
	GlobalSection(SolutionConfigurationPlatforms) = preSolution
		Debug|Any CPU = Debug|Any CPU
		Release|Any CPU = Release|Any CPU
	EndGlobalSection
	GlobalSection(ProjectConfigurationPlatforms) = postSolution
		{4B9F6353-4D29-4172-B63C-EB1164ADED22}.Debug|Any CPU.ActiveCfg = Debug|Any CPU
		{4B9F6353-4D29-4172-B63C-EB1164ADED22}.Debug|Any CPU.Build.0 = Debug|Any CPU
		{4B9F6353-4D29-4172-B63C-EB1164ADED22}.Release|Any CPU.ActiveCfg = Release|Any CPU
		{4B9F6353-4D29-4172-B63C-EB1164ADED22}.Release|Any CPU.Build.0 = Release|Any CPU
		{DB74B88D-3CCF-4209-8832-91C4939A5173}.Debug|Any CPU.ActiveCfg = Debug|Any CPU
		{DB74B88D-3CCF-4209-8832-91C4939A5173}.Debug|Any CPU.Build.0 = Debug|Any CPU
		{DB74B88D-3CCF-4209-8832-91C4939A5173}.Release|Any CPU.ActiveCfg = Release|Any CPU
		{DB74B88D-3CCF-4209-8832-91C4939A5173}.Release|Any CPU.Build.0 = Release|Any CPU
		{385DD710-3218-4ABA-BC95-9BED03DB9658}.Debug|Any CPU.ActiveCfg = Debug|Any CPU
		{385DD710-3218-4ABA-BC95-9BED03DB9658}.Debug|Any CPU.Build.0 = Debug|Any CPU
		{385DD710-3218-4ABA-BC95-9BED03DB9658}.Release|Any CPU.ActiveCfg = Release|Any CPU
		{385DD710-3218-4ABA-BC95-9BED03DB9658}.Release|Any CPU.Build.0 = Release|Any CPU
	EndGlobalSection
	GlobalSection(SolutionProperties) = preSolution
		HideSolutionNode = FALSE
	EndGlobalSection
	GlobalSection(ExtensibilityGlobals) = postSolution
		SolutionGuid = {D06F581D-4A01-4391-89A1-436DCB618E1D}
	EndGlobalSection
EndGlobal
